
Microsoft Visual Studio Solution File, Format Version 12.00
# Visual Studio 15
Project("{FAE04EC0-301F-11D3-BF4B-00C04F79EFBC}") = "Assembly-CSharp", "Assembly-CSharp.csproj", "{9E534357-E1D9-DCB0-61DA-F396077CBE81}"
EndProject
Project("{FAE04EC0-301F-11D3-BF4B-00C04F79EFBC}") = "Assembly-CSharp-firstpass", "Assembly-CSharp-firstpass.csproj", "{649EFD5E-1BA5-6D58-8AEB-8F1EB88E33E3}"
EndProject
Project("{FAE04EC0-301F-11D3-BF4B-00C04F79EFBC}") = "Assembly-CSharp-Editor", "Assembly-CSharp-Editor.csproj", "{AE6A098D-B5B1-AE02-690F-79CC188C06F9}"
EndProject
Project("{FAE04EC0-301F-11D3-BF4B-00C04F79EFBC}") = "Assembly-CSharp-Editor-firstpass", "Assembly-CSharp-Editor-firstpass.csproj", "{4BAD30D2-EDDD-06F4-1AC9-72422B702358}"
EndProject
Global
	GlobalSection(SolutionConfigurationPlatforms) = preSolution
		Debug|Any CPU = Debug|Any CPU
		Release|Any CPU = Release|Any CPU
	EndGlobalSection
	GlobalSection(ProjectConfigurationPlatforms) = postSolution
		{9E534357-E1D9-DCB0-61DA-F396077CBE81}.Debug|Any CPU.ActiveCfg = Debug|Any CPU
		{9E534357-E1D9-DCB0-61DA-F396077CBE81}.Debug|Any CPU.Build.0 = Debug|Any CPU
		{9E534357-E1D9-DCB0-61DA-F396077CBE81}.Release|Any CPU.ActiveCfg = Release|Any CPU
		{9E534357-E1D9-DCB0-61DA-F396077CBE81}.Release|Any CPU.Build.0 = Release|Any CPU
		{649EFD5E-1BA5-6D58-8AEB-8F1EB88E33E3}.Debug|Any CPU.ActiveCfg = Debug|Any CPU
		{649EFD5E-1BA5-6D58-8AEB-8F1EB88E33E3}.Debug|Any CPU.Build.0 = Debug|Any CPU
		{649EFD5E-1BA5-6D58-8AEB-8F1EB88E33E3}.Release|Any CPU.ActiveCfg = Release|Any CPU
		{649EFD5E-1BA5-6D58-8AEB-8F1EB88E33E3}.Release|Any CPU.Build.0 = Release|Any CPU
		{AE6A098D-B5B1-AE02-690F-79CC188C06F9}.Debug|Any CPU.ActiveCfg = Debug|Any CPU
		{AE6A098D-B5B1-AE02-690F-79CC188C06F9}.Debug|Any CPU.Build.0 = Debug|Any CPU
		{AE6A098D-B5B1-AE02-690F-79CC188C06F9}.Release|Any CPU.ActiveCfg = Release|Any CPU
		{AE6A098D-B5B1-AE02-690F-79CC188C06F9}.Release|Any CPU.Build.0 = Release|Any CPU
		{4BAD30D2-EDDD-06F4-1AC9-72422B702358}.Debug|Any CPU.ActiveCfg = Debug|Any CPU
		{4BAD30D2-EDDD-06F4-1AC9-72422B702358}.Debug|Any CPU.Build.0 = Debug|Any CPU
		{4BAD30D2-EDDD-06F4-1AC9-72422B702358}.Release|Any CPU.ActiveCfg = Release|Any CPU
		{4BAD30D2-EDDD-06F4-1AC9-72422B702358}.Release|Any CPU.Build.0 = Release|Any CPU
	EndGlobalSection
	GlobalSection(SolutionProperties) = preSolution
		HideSolutionNode = FALSE
	EndGlobalSection
EndGlobal
